lockfileVersion: 5.3

specifiers:
  js-md5: ^0.7.3
  tinyify: ^3.0.0

dependencies:
  js-md5: 0.7.3

devDependencies:
  tinyify: 3.0.0

packages:

  /@goto-bus-stop/common-shake/2.4.0:
    resolution: {integrity: sha512-LO+7v+UbxE3IyAS4Suf/KYB7Zq9DEIHibwDe6Wph4apNEfDyyxP7BSxzRS/Qa9lUH5gsm9eL9nF8EE1E0/nQkQ==}
    dependencies:
      acorn-walk: 7.2.0
      debug: 3.2.7
      escope: 3.6.0
    dev: true

  /@goto-bus-stop/envify/5.0.0:
    resolution: {integrity: sha512-xAnxuDWmwQxO8CgVuPTxKuNsKDfwyXXTyAabG4sNoK59H/ZMC7BHxTA/4ehtinsxbcH7/9L65F5VhyNdQfUyqA==}
    hasBin: true
    dependencies:
      acorn-node: 2.0.1
      dash-ast: 2.0.1
      multisplice: 1.0.0
      through2: 2.0.5
    dev: true

  /JSONStream/1.3.5:
    resolution: {integrity: sha512-E+iruNOY8VV9s4JEbe1aNEm6MiszPRr/UfcHMz0TQh1BXSxHK+ASV1R6W4HpjBhSeS+54PIsAMCBmwD06LLsqQ==}
    hasBin: true
    dependencies:
      jsonparse: 1.3.1
      through: 2.3.8
    dev: true

  /acorn-node/1.8.2:
    resolution: {integrity: sha512-8mt+fslDufLYntIoPAaIMUe/lrbrehIiwmR3t2k9LljIzoigEPF27eLk2hy8zSGzmR/ogr7zbRKINMo1u0yh5A==}
    dependencies:
      acorn: 7.4.1
      acorn-walk: 7.2.0
      xtend: 4.0.2
    dev: true

  /acorn-node/2.0.1:
    resolution: {integrity: sha512-VLR5sHqjk+8c5hrKeP2fWaIHb8eewsoxnZ8r2qpwRHXMHuC7KyOPflnOx9dLssVQUurzJ7rO0OzIFjHcndafWw==}
    dependencies:
      acorn: 7.4.1
      acorn-walk: 7.2.0
      xtend: 4.0.2
    dev: true

  /acorn-walk/7.2.0:
    resolution: {integrity: sha512-OPdCF6GsMIP+Az+aWfAAOEt2/+iVDKE7oy6lJ098aoe59oAmK76qV6Gw60SbZ8jHuG2wH058GF4pLFbYamYrVA==}
    engines: {node: '>=0.4.0'}
    dev: true

  /acorn/5.7.4:
    resolution: {integrity: sha512-1D++VG7BhrtvQpNbBzovKNc1FLGGEE/oGe7b9xJm/RFHMBeUaUGpluV9RLjZa47YFdPcDAenEYuq9pQPcMdLJg==}
    engines: {node: '>=0.4.0'}
    hasBin: true
    dev: true

  /acorn/7.4.1:
    resolution: {integrity: sha512-nQyp0o1/mNdbTO1PO6kHkwSrmgZ0MT/jCCpNiwbUjGoRN4dlBhqJtoQuCnEOKzgTVwg0ZWiCoQy6SxMebQVh8A==}
    engines: {node: '>=0.4.0'}
    hasBin: true
    dev: true

  /amdefine/1.0.1:
    resolution: {integrity: sha1-SlKCrBZHKek2Gbz9OtFR+BfOkfU=}
    engines: {node: '>=0.4.2'}
    dev: true

  /ansi-regex/2.1.1:
    resolution: {integrity: sha1-w7M6te42DYbg5ijwRorn7yfWVN8=}
    engines: {node: '>=0.10.0'}
    dev: true

  /ansi-styles/2.2.1:
    resolution: {integrity: sha1-tDLdM1i2NM914eRmQ2gkBTPB3b4=}
    engines: {node: '>=0.10.0'}
    dev: true

  /array-from/2.1.1:
    resolution: {integrity: sha1-z+nYwmYoudxa7MYqn12PHzUsEZU=}
    dev: true

  /balanced-match/1.0.2:
    resolution: {integrity: sha512-3oSeUO0TMV67hN1AmbXsK4yaqU7tjiHlbxRDZOpH0KW9+CeX4bRAaX0Anxt0tx2MrpRpWwQaPwIlISEJhYU5Pw==}
    dev: true

  /brace-expansion/1.1.11:
    resolution: {integrity: sha512-iCuPHDFgrHX7H2vEI/5xpz07zSHB00TpugqhmYtVmMO6518mCuRMoOYFldEBl0g187ufozdaHgWKcYFb61qGiA==}
    dependencies:
      balanced-match: 1.0.2
      concat-map: 0.0.1
    dev: true

  /browser-pack-flat/3.4.2:
    resolution: {integrity: sha512-TrUo6n2fGSOCYFAKkt/EkgenytAuuCI88fmXFA60aNFVHvz3CZEBTXYSvvXVpU6xpjM8lj/6vkC6Exn8KPjtPw==}
    hasBin: true
    dependencies:
      combine-source-map: 0.8.0
      convert-source-map: 1.8.0
      count-lines: 0.1.2
      dedent: 0.7.0
      estree-is-member-expression: 1.0.0
      estree-is-require: 1.0.0
      esutils: 2.0.3
      JSONStream: 1.3.5
      path-parse: 1.0.7
      scope-analyzer: 2.1.2
      stream-combiner: 0.2.2
      through2: 2.0.5
      transform-ast: 2.4.4
      umd: 3.0.3
      wrap-comment: 1.0.1
    dev: true

  /browser-pack/6.1.0:
    resolution: {integrity: sha512-erYug8XoqzU3IfcU8fUgyHqyOXqIE4tUTTQ+7mqUjQlvnXkOO6OlT9c/ZoJVHYoAaqGxr09CN53G7XIsO4KtWA==}
    hasBin: true
    dependencies:
      combine-source-map: 0.8.0
      defined: 1.0.0
      JSONStream: 1.3.5
      safe-buffer: 5.2.1
      through2: 2.0.5
      umd: 3.0.3
    dev: true

  /browser-process-hrtime/0.1.3:
    resolution: {integrity: sha512-bRFnI4NnjO6cnyLmOV/7PVoDEMJChlcfN0z4s1YMBY989/SvlfMI1lgCnkFUs53e9gQF+w7qu7XdllSTiSl8Aw==}
    dev: true

  /browser-unpack/1.4.2:
    resolution: {integrity: sha512-uHkiY4bmXjjBBWoKH1aRnEGTQxUUCCcVtoJfH9w1lmGGjETY4u93Zk+GRYkCE/SRMrdoMTINQ/1/manr/3aMVA==}
    hasBin: true
    dependencies:
      acorn-node: 1.8.2
      concat-stream: 1.6.2
      minimist: 1.2.6
    dev: true

  /buffer-from/1.1.2:
    resolution: {integrity: sha512-E+XQCRwSbaaiChtv6k6Dwgc+bx+Bs6vuKJHHl5kox/BaKbhiXzqQOwK4cO22yElGp2OCmjwVhT3HmxgyPGnJfQ==}
    dev: true

  /bundle-collapser/1.4.0:
    resolution: {integrity: sha512-Gd3K3+3KI1Utuk+gwAvuOVOjT/2XLGL8tU6FwDKk04LlOZkYfT0pwQllsG1Dv8RRhgcjNxZSDmmSXb0AOkwSwg==}
    hasBin: true
    dependencies:
      browser-pack: 6.1.0
      browser-unpack: 1.4.2
      concat-stream: 1.6.2
      falafel: 2.2.4
      minimist: 1.2.6
      through2: 2.0.5
    dev: true

  /call-bind/1.0.2:
    resolution: {integrity: sha512-7O+FbCihrB5WGbFYesctwmTKae6rOiIzmz1icreWJ+0aA7LJfuqhEso2T9ncpcFtzMQtzXf2QGGueWJGTYsqrA==}
    dependencies:
      function-bind: 1.1.1
      get-intrinsic: 1.1.1
    dev: true

  /call-matcher/2.0.0:
    resolution: {integrity: sha512-CIDC5wZZfZ2VjZu849WQckS58Z3pJXFfRaSjNjgo/q3in5zxkhTwVL83vttgtmvyLG7TuDlLlBya7SKP6CjDIA==}
    dependencies:
      deep-equal: 1.1.1
      espurify: 2.1.1
      estraverse: 4.3.0
    dev: true

  /chalk/1.1.3:
    resolution: {integrity: sha1-qBFcVeSnAv5NFQq9OHKCKn4J/Jg=}
    engines: {node: '>=0.10.0'}
    dependencies:
      ansi-styles: 2.2.1
      escape-string-regexp: 1.0.5
      has-ansi: 2.0.0
      strip-ansi: 3.0.1
      supports-color: 2.0.0
    dev: true

  /combine-source-map/0.8.0:
    resolution: {integrity: sha1-pY0N8ELBhvz4IqjoAV9UUNLXmos=}
    dependencies:
      convert-source-map: 1.1.3
      inline-source-map: 0.6.2
      lodash.memoize: 3.0.4
      source-map: 0.5.7
    dev: true

  /commander/2.20.3:
    resolution: {integrity: sha512-GpVkmM8vF2vQUkj2LvZmD35JxeJOLCwJ9cUkugyk2nuhbv3+mJvpLYYt+0+USMxE+oj+ey/lJEnhZw75x/OMcQ==}
    dev: true

  /common-shakeify/0.6.2:
    resolution: {integrity: sha512-vxlXr26fqxm8ZJ0jh8MlvpeN6IbyUKqsVmgb4rAjDM/0f4nKebiHaAXpF/Mm86W9ENR5iSI7UOnUTylpVyplUA==}
    dependencies:
      '@goto-bus-stop/common-shake': 2.4.0
      convert-source-map: 1.8.0
      through2: 2.0.5
      transform-ast: 2.4.4
      wrap-comment: 1.0.1
    dev: true

  /concat-map/0.0.1:
    resolution: {integrity: sha1-2Klr13/Wjfd5OnMDajug1UBdR3s=}
    dev: true

  /concat-stream/1.6.2:
    resolution: {integrity: sha512-27HBghJxjiZtIk3Ycvn/4kbJk/1uZuJFfuPEns6LaEvpvG1f0hTea8lilrouyo9mVc2GWdcEZ8OLoGmSADlrCw==}
    engines: {'0': node >= 0.8}
    dependencies:
      buffer-from: 1.1.2
      inherits: 2.0.4
      readable-stream: 2.3.7
      typedarray: 0.0.6
    dev: true

  /concat-stream/2.0.0:
    resolution: {integrity: sha512-MWufYdFw53ccGjCA+Ol7XJYpAlW6/prSMzuPOTRnJGcGzuhLn4Scrz7qf6o8bROZ514ltazcIFJZevcfbo0x7A==}
    engines: {'0': node >= 6.0}
    dependencies:
      buffer-from: 1.1.2
      inherits: 2.0.4
      readable-stream: 3.6.0
      typedarray: 0.0.6
    dev: true

  /convert-source-map/1.1.3:
    resolution: {integrity: sha1-SCnId+n+SbMWHzvzZziI4gRpmGA=}
    dev: true

  /convert-source-map/1.8.0:
    resolution: {integrity: sha512-+OQdjP49zViI/6i7nIJpA8rAl4sV/JdPfU9nZs3VqOwGIgizICvuN2ru6fMd+4llL0tar18UYJXfZ/TWtmhUjA==}
    dependencies:
      safe-buffer: 5.1.2
    dev: true

  /core-util-is/1.0.3:
    resolution: {integrity: sha512-ZQBvi1DcpJ4GDqanjucZ2Hj3wEO5pZDS89BWbkcrvdxksJorwUDDZamX9ldFkp9aw2lmBDLgkObEA4DWNJ9FYQ==}
    dev: true

  /count-lines/0.1.2:
    resolution: {integrity: sha1-4zST+2hgqC9xWdgjeEP7+u/uWWI=}
    engines: {node: '>=0.10.0'}
    dev: true

  /d/1.0.1:
    resolution: {integrity: sha512-m62ShEObQ39CfralilEQRjH6oAMtNCV1xJyEx5LpRYUVN+EviphDgUc/F3hnYbADmkiNs67Y+3ylmlG7Lnu+FA==}
    dependencies:
      es5-ext: 0.10.61
      type: 1.2.0
    dev: true

  /dash-ast/1.0.0:
    resolution: {integrity: sha512-Vy4dx7gquTeMcQR/hDkYLGUnwVil6vk4FOOct+djUnHOUWt+zJPJAaRIXaAFkPXtJjvlY7o3rfRu0/3hpnwoUA==}
    dev: true

  /dash-ast/2.0.1:
    resolution: {integrity: sha512-5TXltWJGc+RdnabUGzhRae1TRq6m4gr+3K2wQX0is5/F2yS6MJXJvLyI3ErAnsAXuJoGqvfVD5icRgim07DrxQ==}
    dev: true

  /debug/3.2.7:
    resolution: {integrity: sha512-CFjzYYAi4ThfiQvizrFQevTTXHtnCqWfe7x1AhgEscTz6ZbLbfoLRLPugTQyBth6f8ZERVUSyWHFD/7Wu4t1XQ==}
    dependencies:
      ms: 2.1.3
    dev: true

  /dedent/0.7.0:
    resolution: {integrity: sha1-JJXduvbrh0q7Dhvp3yLS5aVEMmw=}
    dev: true

  /deep-equal/1.1.1:
    resolution: {integrity: sha512-yd9c5AdiqVcR+JjcwUQb9DkhJc8ngNr0MahEBGvDiJw8puWab2yZlh+nkasOnZP+EGTAP6rRp2JzJhJZzvNF8g==}
    dependencies:
      is-arguments: 1.1.1
      is-date-object: 1.0.5
      is-regex: 1.1.4
      object-is: 1.1.5
      object-keys: 1.1.1
      regexp.prototype.flags: 1.4.3
    dev: true

  /deep-is/0.1.4:
    resolution: {integrity: sha512-oIPzksmTg4/MriiaYGO+okXDT7ztn/w3Eptv/+gSIdMdKsJo0u4CfYNFJPy+4SKMuCqGw2wxnA+URMg3t8a/bQ==}
    dev: true

  /define-properties/1.1.4:
    resolution: {integrity: sha512-uckOqKcfaVvtBdsVkdPv3XjveQJsNQqmhXgRi8uhvWWuPYZCNlzT8qAyblUgNoXdHdjMTzAqeGjAoli8f+bzPA==}
    engines: {node: '>= 0.4'}
    dependencies:
      has-property-descriptors: 1.0.0
      object-keys: 1.1.1
    dev: true

  /defined/1.0.0:
    resolution: {integrity: sha1-yY2bzvdWdBiOEQlpFRGZ45sfppM=}
    dev: true

  /duplexer/0.1.2:
    resolution: {integrity: sha512-jtD6YG370ZCIi/9GTaJKQxWTZD045+4R4hTk/x1UyoqadyJ9x9CgSi1RlVDQF8U2sxLLSnFkCaMihqljHIWgMg==}
    dev: true

  /duplexify/4.1.2:
    resolution: {integrity: sha512-fz3OjcNCHmRP12MJoZMPglx8m4rrFP8rovnk4vT8Fs+aonZoCwGg10dSsQsfP/E62eZcPTMSMP6686fu9Qlqtw==}
    dependencies:
      end-of-stream: 1.4.4
      inherits: 2.0.4
      readable-stream: 3.6.0
      stream-shift: 1.0.1
    dev: true

  /end-of-stream/1.4.4:
    resolution: {integrity: sha512-+uw1inIHVPQoaVuHzRyXd21icM+cnt4CzD5rW+NC1wjOUSTOs+Te7FOv7AhN7vS9x/oIyhLP5PR1H+phQAHu5Q==}
    dependencies:
      once: 1.4.0
    dev: true

  /es5-ext/0.10.61:
    resolution: {integrity: sha512-yFhIqQAzu2Ca2I4SE2Au3rxVfmohU9Y7wqGR+s7+H7krk26NXhIRAZDgqd6xqjCEFUomDEA3/Bo/7fKmIkW1kA==}
    engines: {node: '>=0.10'}
    requiresBuild: true
    dependencies:
      es6-iterator: 2.0.3
      es6-symbol: 3.1.3
      next-tick: 1.1.0
    dev: true

  /es6-iterator/2.0.3:
    resolution: {integrity: sha1-p96IkUGgWpSwhUQDstCg+/qY87c=}
    dependencies:
      d: 1.0.1
      es5-ext: 0.10.61
      es6-symbol: 3.1.3
    dev: true

  /es6-map/0.1.5:
    resolution: {integrity: sha1-kTbgUD3MBqMBaQ8LsU/042TpSfA=}
    dependencies:
      d: 1.0.1
      es5-ext: 0.10.61
      es6-iterator: 2.0.3
      es6-set: 0.1.5
      es6-symbol: 3.1.3
      event-emitter: 0.3.5
    dev: true

  /es6-set/0.1.5:
    resolution: {integrity: sha1-0rPsXU2ADO2BjbU40ol02wpzzLE=}
    dependencies:
      d: 1.0.1
      es5-ext: 0.10.61
      es6-iterator: 2.0.3
      es6-symbol: 3.1.1
      event-emitter: 0.3.5
    dev: true

  /es6-symbol/3.1.1:
    resolution: {integrity: sha1-vwDvT9q2uhtG7Le2KbTH7VcVzHc=}
    dependencies:
      d: 1.0.1
      es5-ext: 0.10.61
    dev: true

  /es6-symbol/3.1.3:
    resolution: {integrity: sha512-NJ6Yn3FuDinBaBRWl/q5X/s4koRHBrgKAu+yGI6JCBeiu3qrcbJhwT2GeR/EXVfylRk8dpQVJoLEFhK+Mu31NA==}
    dependencies:
      d: 1.0.1
      ext: 1.6.0
    dev: true

  /es6-weak-map/2.0.3:
    resolution: {integrity: sha512-p5um32HOTO1kP+w7PRnB+5lQ43Z6muuMuIMffvDN8ZB4GcnjLBV6zGStpbASIMk4DCAvEaamhe2zhyCb/QXXsA==}
    dependencies:
      d: 1.0.1
      es5-ext: 0.10.61
      es6-iterator: 2.0.3
      es6-symbol: 3.1.3
    dev: true

  /escape-string-regexp/1.0.5:
    resolution: {integrity: sha1-G2HAViGQqN/2rjuyzwIAyhMLhtQ=}
    engines: {node: '>=0.8.0'}
    dev: true

  /escodegen/1.14.3:
    resolution: {integrity: sha512-qFcX0XJkdg+PB3xjZZG/wKSuT1PnQWx57+TVSjIMmILd2yC/6ByYElPwJnslDsuWuSAp4AwJGumarAAmJch5Kw==}
    engines: {node: '>=4.0'}
    hasBin: true
    dependencies:
      esprima: 4.0.1
      estraverse: 4.3.0
      esutils: 2.0.3
      optionator: 0.8.3
    optionalDependencies:
      source-map: 0.6.1
    dev: true

  /escope/3.6.0:
    resolution: {integrity: sha1-4Bl16BJ4GhY6ba392AOY3GTIicM=}
    engines: {node: '>=0.4.0'}
    dependencies:
      es6-map: 0.1.5
      es6-weak-map: 2.0.3
      esrecurse: 4.3.0
      estraverse: 4.3.0
    dev: true

  /esprima/4.0.1:
    resolution: {integrity: sha512-eGuFFw7Upda+g4p+QHvnW0RyTX/SVeJBDM/gCtMARO0cLuT2HcEKnTPvhjV6aGeqrCB/sbNop0Kszm0jsaWU4A==}
    engines: {node: '>=4'}
    hasBin: true
    dev: true

  /espurify/2.1.1:
    resolution: {integrity: sha512-zttWvnkhcDyGOhSH4vO2qCBILpdCMv/MX8lp4cqgRkQoDRGK2oZxi2GfWhlP2dIXmk7BaKeOTuzbHhyC68o8XQ==}
    dev: true

  /esrecurse/4.3.0:
    resolution: {integrity: sha512-KmfKL3b6G+RXvP8N1vr3Tq1kL/oCFgn2NYXEtqP8/L3pKapUA4G8cFVaoF3SU323CD4XypR/ffioHmkti6/Tag==}
    engines: {node: '>=4.0'}
    dependencies:
      estraverse: 5.3.0
    dev: true

  /estraverse/4.3.0:
    resolution: {integrity: sha512-39nnKffWz8xN1BU/2c79n9nB9HDzo0niYUqx6xyqUnyoAnQyyWpOTdZEeiCch8BBu515t4wp9ZmgVfVhn9EBpw==}
    engines: {node: '>=4.0'}
    dev: true

  /estraverse/5.3.0:
    resolution: {integrity: sha512-MMdARuVEQziNTeJD8DgMqmhwR11BRQ/cBP+pLtYdSTnf3MIO8fFeiINEbX36ZdNlfU/7A9f3gUw49B3oQsvwBA==}
    engines: {node: '>=4.0'}
    dev: true

  /estree-is-function/1.0.0:
    resolution: {integrity: sha512-nSCWn1jkSq2QAtkaVLJZY2ezwcFO161HVc174zL1KPW3RJ+O6C3eJb8Nx7OXzvhoEv+nLgSR1g71oWUHUDTrJA==}
    dev: true

  /estree-is-identifier/1.0.0:
    resolution: {integrity: sha512-2BDRGrkQJV/NhCAmmE33A35WAaxq3WQaGHgQuD//7orGWfpFqj8Srkwvx0TH+20yIdOF1yMQwi8anv5ISec2AQ==}
    dev: true

  /estree-is-member-expression/1.0.0:
    resolution: {integrity: sha512-Ec+X44CapIGExvSZN+pGkmr5p7HwUVQoPQSd458Lqwvaf4/61k/invHSh4BYK8OXnCkfEhWuIoG5hayKLQStIg==}
    dev: true

  /estree-is-require/1.0.0:
    resolution: {integrity: sha512-oWxQdSEmnUwNZsDQYiBNpVxKEhMmsJQSSxnDrwsr1MWtooCLfhgzsNGzmokdmfK0EzEIS5V4LPvqxv1Kmb1vvA==}
    dependencies:
      estree-is-identifier: 1.0.0
    dev: true

  /esutils/2.0.3:
    resolution: {integrity: sha512-kVscqXk4OCp68SZ0dkgEKVi6/8ij300KBWTJq32P/dYeWTSwK41WyTxalN1eRmA5Z9UU/LX9D7FWSmV9SAYx6g==}
    engines: {node: '>=0.10.0'}
    dev: true

  /event-emitter/0.3.5:
    resolution: {integrity: sha1-34xp7vFkeSPHFXuc6DhAYQsCzDk=}
    dependencies:
      d: 1.0.1
      es5-ext: 0.10.61
    dev: true

  /ext/1.6.0:
    resolution: {integrity: sha512-sdBImtzkq2HpkdRLtlLWDa6w4DX22ijZLKx8BMPUuKe1c5lbN6xwQDQCxSfxBQnHZ13ls/FH0MQZx/q/gr6FQg==}
    dependencies:
      type: 2.6.0
    dev: true

  /falafel/2.2.4:
    resolution: {integrity: sha512-0HXjo8XASWRmsS0X1EkhwEMZaD3Qvp7FfURwjLKjG1ghfRm/MGZl2r4cWUTv41KdNghTw4OUMmVtdGQp3+H+uQ==}
    engines: {node: '>=0.4.0'}
    dependencies:
      acorn: 7.4.1
      foreach: 2.0.5
      isarray: 2.0.5
      object-keys: 1.1.1
    dev: true

  /fast-levenshtein/2.0.6:
    resolution: {integrity: sha1-PYpcZog6FqMMqGQ+hR8Zuqd5eRc=}
    dev: true

  /foreach/2.0.5:
    resolution: {integrity: sha1-C+4AUBiusmDQo6865ljdATbsG5k=}
    dev: true

  /from2-string/1.1.0:
    resolution: {integrity: sha1-GCgrJ9CKJnyzAwzSuLSw8hKvdSo=}
    dependencies:
      from2: 2.3.0
    dev: true

  /from2/2.3.0:
    resolution: {integrity: sha1-i/tVAr3kpNNs/e6gB/zKIdfjgq8=}
    dependencies:
      inherits: 2.0.4
      readable-stream: 2.3.7
    dev: true

  /function-bind/1.1.1:
    resolution: {integrity: sha512-yIovAzMX49sF8Yl58fSCWJ5svSLuaibPxXQJFLmBObTuCr0Mf1KiPopGM9NiFjiYBCbfaa2Fh6breQ6ANVTI0A==}
    dev: true

  /functions-have-names/1.2.3:
    resolution: {integrity: sha512-xckBUXyTIqT97tq2x2AMb+g163b5JFysYk0x4qxNFwbfQkmNZoiRHb6sPzI9/QV33WeuvVYBUIiD4NzNIyqaRQ==}
    dev: true

  /get-assigned-identifiers/1.2.0:
    resolution: {integrity: sha512-mBBwmeGTrxEMO4pMaaf/uUEFHnYtwr8FTe8Y/mer4rcV/bye0qGm6pw1bGZFGStxC5O76c5ZAVBGnqHmOaJpdQ==}
    dev: true

  /get-intrinsic/1.1.1:
    resolution: {integrity: sha512-kWZrnVM42QCiEA2Ig1bG8zjoIMOgxWwYCEeNdwY6Tv/cOSeGpcoX4pXHfKUxNKVoArnrEr2e9srnAxxGIraS9Q==}
    dependencies:
      function-bind: 1.1.1
      has: 1.0.3
      has-symbols: 1.0.3
    dev: true

  /has-ansi/2.0.0:
    resolution: {integrity: sha1-NPUEnOHs3ysGSa8+8k5F7TVBbZE=}
    engines: {node: '>=0.10.0'}
    dependencies:
      ansi-regex: 2.1.1
    dev: true

  /has-property-descriptors/1.0.0:
    resolution: {integrity: sha512-62DVLZGoiEBDHQyqG4w9xCuZ7eJEwNmJRWw2VY84Oedb7WFcA27fiEVe8oUQx9hAUJ4ekurquucTGwsyO1XGdQ==}
    dependencies:
      get-intrinsic: 1.1.1
    dev: true

  /has-symbols/1.0.3:
    resolution: {integrity: sha512-l3LCuF6MgDNwTDKkdYGEihYjt5pRPbEg46rtlmnSPlUbgmB8LOIrKJbYYFBSbnPaJexMKtiPO8hmeRjRz2Td+A==}
    engines: {node: '>= 0.4'}
    dev: true

  /has-tostringtag/1.0.0:
    resolution: {integrity: sha512-kFjcSNhnlGV1kyoGk7OXKSawH5JOb/LzUc5w9B02hOTO0dfFRjbHQKvg1d6cf3HbeUmtU9VbbV3qzZ2Teh97WQ==}
    engines: {node: '>= 0.4'}
    dependencies:
      has-symbols: 1.0.3
    dev: true

  /has/1.0.3:
    resolution: {integrity: sha512-f2dvO0VU6Oej7RkWJGrehjbzMAjFp5/VKPp5tTpWIV4JHHZK1/BxbFRtf/siA2SWTe09caDmVtYYzWEIbBS4zw==}
    engines: {node: '>= 0.4.0'}
    dependencies:
      function-bind: 1.1.1
    dev: true

  /inherits/2.0.4:
    resolution: {integrity: sha512-k/vGaX4/Yla3WzyMCvTQOXYeIHvqOKtnqBduzTHpzpQZzAskKMhZ2K+EnBiSM9zGSoIFeMpXKxa4dYeZIQqewQ==}
    dev: true

  /inline-source-map/0.6.2:
    resolution: {integrity: sha1-+Tk0ccGKedFyT4Y/o4tYY3Ct4qU=}
    dependencies:
      source-map: 0.5.7
    dev: true

  /is-arguments/1.1.1:
    resolution: {integrity: sha512-8Q7EARjzEnKpt/PCD7e1cgUS0a6X8u5tdSiMqXhojOdoV9TsMsiO+9VLC5vAmO8N7/GmXn7yjR8qnA6bVAEzfA==}
    engines: {node: '>= 0.4'}
    dependencies:
      call-bind: 1.0.2
      has-tostringtag: 1.0.0
    dev: true

  /is-buffer/2.0.5:
    resolution: {integrity: sha512-i2R6zNFDwgEHJyQUtJEk0XFi1i0dPFn/oqjK3/vPCcDeJvW5NQ83V8QbicfF1SupOaB0h8ntgBC2YiE7dfyctQ==}
    engines: {node: '>=4'}
    dev: true

  /is-date-object/1.0.5:
    resolution: {integrity: sha512-9YQaSxsAiSwcvS33MBk3wTCVnWK+HhF8VZR2jRxehM16QcVOdHqPn4VPHmRK4lSr38n9JriurInLcP90xsYNfQ==}
    engines: {node: '>= 0.4'}
    dependencies:
      has-tostringtag: 1.0.0
    dev: true

  /is-regex/1.1.4:
    resolution: {integrity: sha512-kvRdxDsxZjhzUX07ZnLydzS1TU/TJlTUHHY4YLL87e37oUA49DfkLqgy+VjFocowy29cKvcSiu+kIv728jTTVg==}
    engines: {node: '>= 0.4'}
    dependencies:
      call-bind: 1.0.2
      has-tostringtag: 1.0.0
    dev: true

  /isarray/1.0.0:
    resolution: {integrity: sha1-u5NdSFgsuhaMBoNJV6VKPgcSTxE=}
    dev: true

  /isarray/2.0.5:
    resolution: {integrity: sha512-xHjhDr3cNBK0BzdUJSPXZntQUx/mwMS5Rw4A7lPJ90XGAO6ISP/ePDNuo0vhqOZU+UD5JoodwCAAoZQd3FeAKw==}
    dev: true

  /js-md5/0.7.3:
    resolution: {integrity: sha512-ZC41vPSTLKGwIRjqDh8DfXoCrdQIyBgspJVPXHBGu4nZlAEvG3nf+jO9avM9RmLiGakg7vz974ms99nEV0tmTQ==}
    dev: false

  /jsonparse/1.3.1:
    resolution: {integrity: sha1-P02uSpH6wxX3EGL4UhzCOfE2YoA=}
    engines: {'0': node >= 0.2.0}
    dev: true

  /levn/0.3.0:
    resolution: {integrity: sha1-OwmSTt+fCDwEkP3UwLxEIeBHZO4=}
    engines: {node: '>= 0.8.0'}
    dependencies:
      prelude-ls: 1.1.2
      type-check: 0.3.2
    dev: true

  /lodash.memoize/3.0.4:
    resolution: {integrity: sha1-LcvSwofLwKVcxCMovQxzYVDVPj8=}
    dev: true

  /magic-string/0.23.2:
    resolution: {integrity: sha512-oIUZaAxbcxYIp4AyLafV6OVKoB3YouZs0UTCJ8mOKBHNyJgGDaMJ4TgA+VylJh6fx7EQCC52XkbURxxG9IoJXA==}
    dependencies:
      sourcemap-codec: 1.4.8
    dev: true

  /merge-source-map/1.0.4:
    resolution: {integrity: sha1-pd5GU42uhNQRTMXqArR3KmNGcB8=}
    dependencies:
      source-map: 0.5.7
    dev: true

  /minify-stream/2.1.0:
    resolution: {integrity: sha512-P5xE4EQRkn7Td54VGcgfDMFx1jmKPPIXCdcMfrbXS6cNHK4dO1LXwtYFb48hHrSmZfT+jlGImvHgSZEkbpNtCw==}
    engines: {node: '>= 6'}
    dependencies:
      concat-stream: 2.0.0
      convert-source-map: 1.8.0
      duplexify: 4.1.2
      from2-string: 1.1.0
      terser: 4.8.0
      xtend: 4.0.2
    dev: true

  /minimatch/3.1.2:
    resolution: {integrity: sha512-J7p63hRiAjw1NDEww1W7i37+ByIrOWO5XQQAzZ3VOcL0PNybwpfmV/N05zFAzwQ9USyEcX6t3UO+K5aqBQOIHw==}
    dependencies:
      brace-expansion: 1.1.11
    dev: true

  /minimist/1.2.6:
    resolution: {integrity: sha512-Jsjnk4bw3YJqYzbdyBiNsPWHPfO++UGG749Cxs6peCu5Xg4nrena6OVxOYxrQTqww0Jmwt+Ref8rggumkTLz9Q==}
    dev: true

  /ms/2.1.3:
    resolution: {integrity: sha512-6FlzubTLZG3J2a/NVCAleEhjzq5oxgHyaCU9yYXvcLsvoVaHJq/s5xXI6/XXP6tz7R9xAOtHnSO/tXtF3WRTlA==}
    dev: true

  /multi-stage-sourcemap/0.2.1:
    resolution: {integrity: sha1-sJ/IWG6qF/gdV1xK0C4Pej9rEQU=}
    dependencies:
      source-map: 0.1.43
    dev: true

  /multisplice/1.0.0:
    resolution: {integrity: sha512-KU5tVjIdTGsMb92JlWwEZCGrvtI1ku9G9GuNbWdQT/Ici1ztFXX0L8lWpbbC3pISVMfBNL56wdqplHvva2XSlA==}
    dev: true

  /mutexify/1.4.0:
    resolution: {integrity: sha512-pbYSsOrSB/AKN5h/WzzLRMFgZhClWccf2XIB4RSMC8JbquiB0e0/SH5AIfdQMdyHmYtv4seU7yV/TvAwPLJ1Yg==}
    dependencies:
      queue-tick: 1.0.0
    dev: true

  /nanobench/2.1.1:
    resolution: {integrity: sha512-z+Vv7zElcjN+OpzAxAquUayFLGK3JI/ubCl0Oh64YQqsTGG09CGqieJVQw4ui8huDnnAgrvTv93qi5UaOoNj8A==}
    hasBin: true
    dependencies:
      browser-process-hrtime: 0.1.3
      chalk: 1.1.3
      mutexify: 1.4.0
      pretty-hrtime: 1.0.3
    dev: true

  /next-tick/1.1.0:
    resolution: {integrity: sha512-CXdUiJembsNjuToQvxayPZF9Vqht7hewsvy2sOWafLvi2awflj9mOC6bHIg50orX8IJvWKY9wYQ/zB2kogPslQ==}
    dev: true

  /object-assign/4.1.1:
    resolution: {integrity: sha1-IQmtx5ZYh8/AXLvUQsrIv7s2CGM=}
    engines: {node: '>=0.10.0'}
    dev: true

  /object-is/1.1.5:
    resolution: {integrity: sha512-3cyDsyHgtmi7I7DfSSI2LDp6SK2lwvtbg0p0R1e0RvTqF5ceGx+K2dfSjm1bKDMVCFEDAQvy+o8c6a7VujOddw==}
    engines: {node: '>= 0.4'}
    dependencies:
      call-bind: 1.0.2
      define-properties: 1.1.4
    dev: true

  /object-keys/1.1.1:
    resolution: {integrity: sha512-NuAESUOUMrlIXOfHKzD6bpPu3tYt3xvjNdRIQ+FeT0lNb4K8WR70CaDxhuNguS2XG+GjkyMwOzsN5ZktImfhLA==}
    engines: {node: '>= 0.4'}
    dev: true

  /once/1.4.0:
    resolution: {integrity: sha1-WDsap3WWHUsROsF9nFC6753Xa9E=}
    dependencies:
      wrappy: 1.0.2
    dev: true

  /optionator/0.8.3:
    resolution: {integrity: sha512-+IW9pACdk3XWmmTXG8m3upGUJst5XRGzxMRjXzAuJ1XnIFNvfhjjIuYkDvysnPQ7qzqVzLt78BCruntqRhWQbA==}
    engines: {node: '>= 0.8.0'}
    dependencies:
      deep-is: 0.1.4
      fast-levenshtein: 2.0.6
      levn: 0.3.0
      prelude-ls: 1.1.2
      type-check: 0.3.2
      word-wrap: 1.2.3
    dev: true

  /path-parse/1.0.7:
    resolution: {integrity: sha512-LDJzPVEEEPR+y48z93A0Ed0yXb8pAByGWo/k5YYdYgpY2/2EsOsksJrq7lOHxryrVOn1ejG6oAp8ahvOIQD8sw==}
    dev: true

  /prelude-ls/1.1.2:
    resolution: {integrity: sha1-IZMqVJ9eUv/ZqCf1cOBL5iqX2lQ=}
    engines: {node: '>= 0.8.0'}
    dev: true

  /pretty-hrtime/1.0.3:
    resolution: {integrity: sha1-t+PqQkNaTJsnWdmeDyAesZWALuE=}
    engines: {node: '>= 0.8'}
    dev: true

  /process-nextick-args/2.0.1:
    resolution: {integrity: sha512-3ouUOpQhtgrbOa17J7+uxOTpITYWaGP7/AhoR3+A+/1e9skrzelGi/dXzEYyvbxubEF6Wn2ypscTKiKJFFn1ag==}
    dev: true

  /queue-tick/1.0.0:
    resolution: {integrity: sha512-ULWhjjE8BmiICGn3G8+1L9wFpERNxkf8ysxkAer4+TFdRefDaXOCV5m92aMB9FtBVmn/8sETXLXY6BfW7hyaWQ==}
    dev: true

  /readable-stream/2.3.7:
    resolution: {integrity: sha512-Ebho8K4jIbHAxnuxi7o42OrZgF/ZTNcsZj6nRKyUmkhLFq8CHItp/fy6hQZuZmP/n3yZ9VBUbp4zz/mX8hmYPw==}
    dependencies:
      core-util-is: 1.0.3
      inherits: 2.0.4
      isarray: 1.0.0
      process-nextick-args: 2.0.1
      safe-buffer: 5.1.2
      string_decoder: 1.1.1
      util-deprecate: 1.0.2
    dev: true

  /readable-stream/3.6.0:
    resolution: {integrity: sha512-BViHy7LKeTz4oNnkcLJ+lVSL6vpiFeX6/d3oSH8zCW7UxP2onchk+vTGB143xuFjHS3deTgkKoXXymXqymiIdA==}
    engines: {node: '>= 6'}
    dependencies:
      inherits: 2.0.4
      string_decoder: 1.3.0
      util-deprecate: 1.0.2
    dev: true

  /regexp.prototype.flags/1.4.3:
    resolution: {integrity: sha512-fjggEOO3slI6Wvgjwflkc4NFRCTZAu5CnNfBd5qOMYhWdn67nJBBu34/TkD++eeFmd8C9r9jfXJ27+nSiRkSUA==}
    engines: {node: '>= 0.4'}
    dependencies:
      call-bind: 1.0.2
      define-properties: 1.1.4
      functions-have-names: 1.2.3
    dev: true

  /safe-buffer/5.1.2:
    resolution: {integrity: sha512-Gd2UZBJDkXlY7GbJxfsE8/nvKkUEU1G38c1siN6QP6a9PT9MmHB8GnpscSmMJSoF8LOIrt8ud/wPtojys4G6+g==}
    dev: true

  /safe-buffer/5.2.1:
    resolution: {integrity: sha512-rp3So07KcdmmKbGvgaNxQSJr7bGVSVk5S9Eq1F+ppbRo70+YeaDxkw5Dd8NPN+GD6bjnYm2VuPuCXmpuYvmCXQ==}
    dev: true

  /scope-analyzer/2.1.2:
    resolution: {integrity: sha512-5cfCmsTYV/wPaRIItNxatw02ua/MThdIUNnUOCYp+3LSEJvnG804ANw2VLaavNILIfWXF1D1G2KNANkBBvInwQ==}
    dependencies:
      array-from: 2.1.1
      dash-ast: 2.0.1
      es6-map: 0.1.5
      es6-set: 0.1.5
      es6-symbol: 3.1.3
      estree-is-function: 1.0.0
      get-assigned-identifiers: 1.2.0
    dev: true

  /source-map-support/0.5.21:
    resolution: {integrity: sha512-uBHU3L3czsIyYXKX88fdrGovxdSCoTGDRZ6SYXtSRxLZUzHg5P/66Ht6uoUlHu9EZod+inXhKo3qQgwXUT/y1w==}
    dependencies:
      buffer-from: 1.1.2
      source-map: 0.6.1
    dev: true

  /source-map/0.1.43:
    resolution: {integrity: sha1-wkvBRspRfBRx9drL4lcbK3+eM0Y=}
    engines: {node: '>=0.8.0'}
    dependencies:
      amdefine: 1.0.1
    dev: true

  /source-map/0.5.7:
    resolution: {integrity: sha1-igOdLRAh0i0eoUyA2OpGi6LvP8w=}
    engines: {node: '>=0.10.0'}
    dev: true

  /source-map/0.6.1:
    resolution: {integrity: sha512-UjgapumWlbMhkBgzT7Ykc5YXUT46F0iKu8SGXq0bcwP5dz/h0Plj6enJqjz1Zbq2l5WaqYnrVbwWOWMyF3F47g==}
    engines: {node: '>=0.10.0'}
    dev: true

  /sourcemap-codec/1.4.8:
    resolution: {integrity: sha512-9NykojV5Uih4lgo5So5dtw+f0JgJX30KCNI8gwhz2J9A15wD0Ml6tjHKwf6fTSa6fAdVBdZeNOs9eJ71qCk8vA==}
    dev: true

  /stream-combiner/0.2.2:
    resolution: {integrity: sha1-rsjLrBd7Vrb0+kec7YwZEs7lKFg=}
    dependencies:
      duplexer: 0.1.2
      through: 2.3.8
    dev: true

  /stream-shift/1.0.1:
    resolution: {integrity: sha512-AiisoFqQ0vbGcZgQPY1cdP2I76glaVA/RauYR4G4thNFgkTqr90yXTo4LYX60Jl+sIlPNHHdGSwo01AvbKUSVQ==}
    dev: true

  /string_decoder/1.1.1:
    resolution: {integrity: sha512-n/ShnvDi6FHbbVfviro+WojiFzv+s8MPMHBczVePfUpDJLwoLT0ht1l4YwBCbi8pJAveEEdnkHyPyTP/mzRfwg==}
    dependencies:
      safe-buffer: 5.1.2
    dev: true

  /string_decoder/1.3.0:
    resolution: {integrity: sha512-hkRX8U1WjJFd8LsDJ2yQ/wWWxaopEsABU1XfkM8A+j0+85JAGppt16cr1Whg6KIbb4okU6Mql6BOj+uup/wKeA==}
    dependencies:
      safe-buffer: 5.2.1
    dev: true

  /strip-ansi/3.0.1:
    resolution: {integrity: sha1-ajhfuIU9lS1f8F0Oiq+UJ43GPc8=}
    engines: {node: '>=0.10.0'}
    dependencies:
      ansi-regex: 2.1.1
    dev: true

  /supports-color/2.0.0:
    resolution: {integrity: sha1-U10EXOa2Nj+kARcIRimZXp3zJMc=}
    engines: {node: '>=0.8.0'}
    dev: true

  /terser/3.17.0:
    resolution: {integrity: sha512-/FQzzPJmCpjAH9Xvk2paiWrFq+5M6aVOf+2KRbwhByISDX/EujxsK+BAvrhb6H+2rtrLCHK9N01wO014vrIwVQ==}
    engines: {node: '>=6.0.0'}
    hasBin: true
    dependencies:
      commander: 2.20.3
      source-map: 0.6.1
      source-map-support: 0.5.21
    dev: true

  /terser/4.8.0:
    resolution: {integrity: sha512-EAPipTNeWsb/3wLPeup1tVPaXfIaU68xMnVdPafIL1TV05OhASArYyIfFvnvJCNrR2NIOvDVNNTFRa+Re2MWyw==}
    engines: {node: '>=6.0.0'}
    hasBin: true
    dependencies:
      commander: 2.20.3
      source-map: 0.6.1
      source-map-support: 0.5.21
    dev: true

  /through/2.3.8:
    resolution: {integrity: sha1-DdTJ/6q8NXlgsbckEV1+Doai4fU=}
    dev: true

  /through2/2.0.5:
    resolution: {integrity: sha512-/mrRod8xqpA+IHSLyGCQ2s8SPHiCDEeQJSep1jqLYeEUClOFG2Qsh+4FU6G9VeqpZnGW/Su8LQGc4YKni5rYSQ==}
    dependencies:
      readable-stream: 2.3.7
      xtend: 4.0.2
    dev: true

  /through2/3.0.2:
    resolution: {integrity: sha512-enaDQ4MUyP2W6ZyT6EsMzqBPZaM/avg8iuo+l2d3QCs0J+6RaqkHV/2/lOwDTueBHeJ/2LG9lrLW3d5rWPucuQ==}
    dependencies:
      inherits: 2.0.4
      readable-stream: 3.6.0
    dev: true

  /tinyify/3.0.0:
    resolution: {integrity: sha512-RtjVjC1xwwxt8AMVfxEmo+FzRJB6p5sAOtFaJj8vMrkWShtArsM4dLVRWhx2Vc07Me3NWgmP7pi9UPm/a2XNNA==}
    dependencies:
      '@goto-bus-stop/envify': 5.0.0
      acorn-node: 1.8.2
      browser-pack-flat: 3.4.2
      bundle-collapser: 1.4.0
      common-shakeify: 0.6.2
      dash-ast: 1.0.0
      minify-stream: 2.1.0
      multisplice: 1.0.0
      through2: 3.0.2
      uglifyify: 5.0.2
      unassertify: 2.1.1
    dev: true

  /transform-ast/2.4.4:
    resolution: {integrity: sha512-AxjeZAcIOUO2lev2GDe3/xZ1Q0cVGjIMk5IsriTy8zbWlsEnjeB025AhkhBJHoy997mXpLd4R+kRbvnnQVuQHQ==}
    dependencies:
      acorn-node: 1.8.2
      convert-source-map: 1.8.0
      dash-ast: 1.0.0
      is-buffer: 2.0.5
      magic-string: 0.23.2
      merge-source-map: 1.0.4
      nanobench: 2.1.1
    dev: true

  /type-check/0.3.2:
    resolution: {integrity: sha1-WITKtRLPHTVeP7eE8wgEsrUg23I=}
    engines: {node: '>= 0.8.0'}
    dependencies:
      prelude-ls: 1.1.2
    dev: true

  /type/1.2.0:
    resolution: {integrity: sha512-+5nt5AAniqsCnu2cEQQdpzCAh33kVx8n0VoFidKpB1dVVLAN/F+bgVOqOJqOnEnrhp222clB5p3vUlD+1QAnfg==}
    dev: true

  /type/2.6.0:
    resolution: {integrity: sha512-eiDBDOmkih5pMbo9OqsqPRGMljLodLcwd5XD5JbtNB0o89xZAwynY9EdCDsJU7LtcVCClu9DvM7/0Ep1hYX3EQ==}
    dev: true

  /typedarray/0.0.6:
    resolution: {integrity: sha1-hnrHTjhkGHsdPUfZlqeOxciDB3c=}
    dev: true

  /uglifyify/5.0.2:
    resolution: {integrity: sha512-NcSk6pgoC+IgwZZ2tVLVHq+VNKSvLPlLkF5oUiHPVOJI0s/OlSVYEGXG9PCAH0hcyFZLyvt4KBdPAQBRlVDn1Q==}
    dependencies:
      convert-source-map: 1.1.3
      minimatch: 3.1.2
      terser: 3.17.0
      through: 2.3.8
      xtend: 4.0.2
    dev: true

  /umd/3.0.3:
    resolution: {integrity: sha512-4IcGSufhFshvLNcMCV80UnQVlZ5pMOC8mvNPForqwA4+lzYQuetTESLDQkeLmihq8bRcnpbQa48Wb8Lh16/xow==}
    hasBin: true
    dev: true

  /unassert/1.6.0:
    resolution: {integrity: sha512-GoMtWTwGSxSFuRD0NKmbjlx3VJkgvSogzDzMPpJXYmBZv6MIWButsyMqEYhMx3NI4osXACcZA9mXiBteXyJtRw==}
    dependencies:
      acorn: 7.4.1
      call-matcher: 2.0.0
      deep-equal: 1.1.1
      espurify: 2.1.1
      estraverse: 4.3.0
      esutils: 2.0.3
      object-assign: 4.1.1
    dev: true

  /unassertify/2.1.1:
    resolution: {integrity: sha512-YIAaIlc6/KC9Oib8cVZLlpDDhK1UTEuaDyx9BwD97xqxDZC0cJOqwFcs/Y6K3m73B5VzHsRTBLXNO0dxS/GkTw==}
    dependencies:
      acorn: 5.7.4
      convert-source-map: 1.8.0
      escodegen: 1.14.3
      multi-stage-sourcemap: 0.2.1
      through: 2.3.8
      unassert: 1.6.0
    dev: true

  /util-deprecate/1.0.2:
    resolution: {integrity: sha1-RQ1Nyfpw3nMnYvvS1KKJgUGaDM8=}
    dev: true

  /word-wrap/1.2.3:
    resolution: {integrity: sha512-Hz/mrNwitNRh/HUAtM/VT/5VH+ygD6DV7mYKZAtHOrbs8U7lvPS6xf7EJKMF0uW1KJCl0H701g3ZGus+muE5vQ==}
    engines: {node: '>=0.10.0'}
    dev: true

  /wrap-comment/1.0.1:
    resolution: {integrity: sha512-APccrMwl/ont0RHFTXNAQfM647duYYEfs6cngrIyTByTI0xbWnDnPSptFZhS68L4WCjt2ZxuhCFwuY6Pe88KZQ==}
    dev: true

  /wrappy/1.0.2:
    resolution: {integrity: sha1-tSQ9jz7BqjXxNkYFvA0QNuMKtp8=}
    dev: true

  /xtend/4.0.2:
    resolution: {integrity: sha512-LKYU1iAXJXUgAXn9URjiu+MWhyUXHsvfp7mcuYm9dSUKK0/CjtrUwFAxD82/mCWbtLsGjFIad0wIsod4zrTAEQ==}
    engines: {node: '>=0.4'}
    dev: true
